[[package]]
name = "PyVISA"
version = "1.13.0"
description = "Python VISA bindings for GPIB, RS232, TCPIP and USB instruments"
category = "main"
optional = false
python-versions = ">=3.8"

[package.dependencies]
typing-extensions = "*"

[[package]]
name = "typing-extensions"
version = "4.5.0"
description = "Backported and Experimental Type Hints for Python 3.7+"
category = "main"
optional = false
python-versions = ">=3.7"

[metadata]
lock-version = "1.1"
python-versions = "^3.9"
content-hash = "fc813c035626d55be081f17493e4735f94c9c69a3ae45f89621d17fdeb5a6956"

[metadata.files]
PyVISA = [
    {file = "PyVISA-1.13.0-py3-none-any.whl", hash = "sha256:805c55a514b1993dd1e0e2b18377f36fb3db6c2cd4953886144307d0c80795ce"},
    {file = "PyVISA-1.13.0.tar.gz", hash = "sha256:89fa008b58465c928655459508513c51e942ca7bf3e2a727da869366e0c8f9c6"},
]
typing-extensions = [
    {file = "typing_extensions-4.5.0-py3-none-any.whl", hash = "sha256:fb33085c39dd998ac16d1431ebc293a8b3eedd00fd4a32de0ff79002c19511b4"},
    {file = "typing_extensions-4.5.0.tar.gz", hash = "sha256:5cb5f4a79139d699607b3ef622a1dedafa84e115ab0024e0d9c044a9479ca7cb"},
]
